
Microsoft Visual Studio Solution File, Format Version 12.00
# Visual Studio Version 16
VisualStudioVersion = 16.0.30114.105
MinimumVisualStudioVersion = 10.0.40219.1
Project("{9A19103F-16F7-4668-BE54-9A1E7A4F7556}") = "FIzzBuzz", "FIzzBuzz\FIzzBuzz.csproj", "{B3F1C7DF-D7B5-450F-8165-B6D5FE4139E6}"
EndProject
Project("{9A19103F-16F7-4668-BE54-9A1E7A4F7556}") = "Practice001", "Practice001\Practice001.csproj", "{23022E45-C901-435A-A73E-A90C7ACB9356}"
EndProject
Project("{9A19103F-16F7-4668-BE54-9A1E7A4F7556}") = "UdpSample.Server", "UdpSample.Server\UdpSample.Server.csproj", "{85994550-780E-4A57-9609-1851CD3DC65D}"
EndProject
Project("{9A19103F-16F7-4668-BE54-9A1E7A4F7556}") = "UdpSample.Client", "UdpSample.Client\UdpSample.Client.csproj", "{581AD924-ED0B-437A-9E4C-56D8B56A0E40}"
EndProject
Project("{9A19103F-16F7-4668-BE54-9A1E7A4F7556}") = "UdpSample.Server2", "UdpSample.Server2\UdpSample.Server2.csproj", "{87DB398A-A99D-47BF-A7E0-BD8ACC1A13B8}"
EndProject
Project("{9A19103F-16F7-4668-BE54-9A1E7A4F7556}") = "UdpEasyChat.Server", "UdpEasyChat.Server\UdpEasyChat.Server.csproj", "{D46B7AC0-1A7C-4E8C-A104-A8BC7262800E}"
EndProject
Project("{9A19103F-16F7-4668-BE54-9A1E7A4F7556}") = "UdpEasyChat.Client", "UdpEasyChat.Client\UdpEasyChat.Client.csproj", "{7CFFD6E3-B4F4-4FDF-866E-CC06E0CB4A95}"
EndProject
Project("{9A19103F-16F7-4668-BE54-9A1E7A4F7556}") = "ConsoleApp.Tui", "ConsoleApp.Tui\ConsoleApp.Tui.csproj", "{4FD24A80-AB30-4BDA-A816-742ADB65EC2F}"
EndProject
Project("{9A19103F-16F7-4668-BE54-9A1E7A4F7556}") = "FunctionDemo", "FunctionDemo\FunctionDemo.csproj", "{C734C82E-1994-45E3-9623-AF711D719078}"
EndProject
Project("{9A19103F-16F7-4668-BE54-9A1E7A4F7556}") = "RazorPagesDemo", "RazorPagesDemo\RazorPagesDemo.csproj", "{49AF7CFF-C9C7-49D6-9B03-77DFECE882D8}"
EndProject
Project("{9A19103F-16F7-4668-BE54-9A1E7A4F7556}") = "BlazorDemo", "BlazorDemo\BlazorDemo.csproj", "{49FE6727-46D6-43A3-8C04-F41416805654}"
EndProject
Project("{9A19103F-16F7-4668-BE54-9A1E7A4F7556}") = "SocketSample.Server", "SocketSample.Server\SocketSample.Server.csproj", "{9445950F-588D-4673-A8E5-CBD490D8F928}"
EndProject
Project("{9A19103F-16F7-4668-BE54-9A1E7A4F7556}") = "SocketSample.Client", "SocketSample.Client\SocketSample.Client.csproj", "{21E2D4FE-A0EA-4725-BF65-197509FCE43B}"
EndProject
Project("{9A19103F-16F7-4668-BE54-9A1E7A4F7556}") = "AspNetCore0001", "AspNetCore0001\AspNetCore0001.csproj", "{C3EB1897-D04A-47A6-83E6-49EF69EB539E}"
EndProject
Project("{FAE04EC0-301F-11D3-BF4B-00C04F79EFBC}") = "AspNetCore0002", "AspNetCore0002\AspNetCore0002.csproj", "{D38D63DA-EB57-479B-91A8-FCE94CBC33AD}"
EndProject
Global
	GlobalSection(SolutionConfigurationPlatforms) = preSolution
		Debug|Any CPU = Debug|Any CPU
		Release|Any CPU = Release|Any CPU
	EndGlobalSection
	GlobalSection(ProjectConfigurationPlatforms) = postSolution
		{B3F1C7DF-D7B5-450F-8165-B6D5FE4139E6}.Debug|Any CPU.ActiveCfg = Debug|Any CPU
		{B3F1C7DF-D7B5-450F-8165-B6D5FE4139E6}.Debug|Any CPU.Build.0 = Debug|Any CPU
		{B3F1C7DF-D7B5-450F-8165-B6D5FE4139E6}.Release|Any CPU.ActiveCfg = Release|Any CPU
		{B3F1C7DF-D7B5-450F-8165-B6D5FE4139E6}.Release|Any CPU.Build.0 = Release|Any CPU
		{23022E45-C901-435A-A73E-A90C7ACB9356}.Debug|Any CPU.ActiveCfg = Debug|Any CPU
		{23022E45-C901-435A-A73E-A90C7ACB9356}.Debug|Any CPU.Build.0 = Debug|Any CPU
		{23022E45-C901-435A-A73E-A90C7ACB9356}.Release|Any CPU.ActiveCfg = Release|Any CPU
		{23022E45-C901-435A-A73E-A90C7ACB9356}.Release|Any CPU.Build.0 = Release|Any CPU
		{85994550-780E-4A57-9609-1851CD3DC65D}.Debug|Any CPU.ActiveCfg = Debug|Any CPU
		{85994550-780E-4A57-9609-1851CD3DC65D}.Debug|Any CPU.Build.0 = Debug|Any CPU
		{85994550-780E-4A57-9609-1851CD3DC65D}.Release|Any CPU.ActiveCfg = Release|Any CPU
		{85994550-780E-4A57-9609-1851CD3DC65D}.Release|Any CPU.Build.0 = Release|Any CPU
		{581AD924-ED0B-437A-9E4C-56D8B56A0E40}.Debug|Any CPU.ActiveCfg = Debug|Any CPU
		{581AD924-ED0B-437A-9E4C-56D8B56A0E40}.Debug|Any CPU.Build.0 = Debug|Any CPU
		{581AD924-ED0B-437A-9E4C-56D8B56A0E40}.Release|Any CPU.ActiveCfg = Release|Any CPU
		{581AD924-ED0B-437A-9E4C-56D8B56A0E40}.Release|Any CPU.Build.0 = Release|Any CPU
		{87DB398A-A99D-47BF-A7E0-BD8ACC1A13B8}.Debug|Any CPU.ActiveCfg = Debug|Any CPU
		{87DB398A-A99D-47BF-A7E0-BD8ACC1A13B8}.Debug|Any CPU.Build.0 = Debug|Any CPU
		{87DB398A-A99D-47BF-A7E0-BD8ACC1A13B8}.Release|Any CPU.ActiveCfg = Release|Any CPU
		{87DB398A-A99D-47BF-A7E0-BD8ACC1A13B8}.Release|Any CPU.Build.0 = Release|Any CPU
		{D46B7AC0-1A7C-4E8C-A104-A8BC7262800E}.Debug|Any CPU.ActiveCfg = Debug|Any CPU
		{D46B7AC0-1A7C-4E8C-A104-A8BC7262800E}.Debug|Any CPU.Build.0 = Debug|Any CPU
		{D46B7AC0-1A7C-4E8C-A104-A8BC7262800E}.Release|Any CPU.ActiveCfg = Release|Any CPU
		{D46B7AC0-1A7C-4E8C-A104-A8BC7262800E}.Release|Any CPU.Build.0 = Release|Any CPU
		{7CFFD6E3-B4F4-4FDF-866E-CC06E0CB4A95}.Debug|Any CPU.ActiveCfg = Debug|Any CPU
		{7CFFD6E3-B4F4-4FDF-866E-CC06E0CB4A95}.Debug|Any CPU.Build.0 = Debug|Any CPU
		{7CFFD6E3-B4F4-4FDF-866E-CC06E0CB4A95}.Release|Any CPU.ActiveCfg = Release|Any CPU
		{7CFFD6E3-B4F4-4FDF-866E-CC06E0CB4A95}.Release|Any CPU.Build.0 = Release|Any CPU
		{4FD24A80-AB30-4BDA-A816-742ADB65EC2F}.Debug|Any CPU.ActiveCfg = Debug|Any CPU
		{4FD24A80-AB30-4BDA-A816-742ADB65EC2F}.Debug|Any CPU.Build.0 = Debug|Any CPU
		{4FD24A80-AB30-4BDA-A816-742ADB65EC2F}.Release|Any CPU.ActiveCfg = Release|Any CPU
		{4FD24A80-AB30-4BDA-A816-742ADB65EC2F}.Release|Any CPU.Build.0 = Release|Any CPU
		{C734C82E-1994-45E3-9623-AF711D719078}.Debug|Any CPU.ActiveCfg = Debug|Any CPU
		{C734C82E-1994-45E3-9623-AF711D719078}.Debug|Any CPU.Build.0 = Debug|Any CPU
		{C734C82E-1994-45E3-9623-AF711D719078}.Release|Any CPU.ActiveCfg = Release|Any CPU
		{C734C82E-1994-45E3-9623-AF711D719078}.Release|Any CPU.Build.0 = Release|Any CPU
		{49AF7CFF-C9C7-49D6-9B03-77DFECE882D8}.Debug|Any CPU.ActiveCfg = Debug|Any CPU
		{49AF7CFF-C9C7-49D6-9B03-77DFECE882D8}.Debug|Any CPU.Build.0 = Debug|Any CPU
		{49AF7CFF-C9C7-49D6-9B03-77DFECE882D8}.Release|Any CPU.ActiveCfg = Release|Any CPU
		{49AF7CFF-C9C7-49D6-9B03-77DFECE882D8}.Release|Any CPU.Build.0 = Release|Any CPU
		{49FE6727-46D6-43A3-8C04-F41416805654}.Debug|Any CPU.ActiveCfg = Debug|Any CPU
		{49FE6727-46D6-43A3-8C04-F41416805654}.Debug|Any CPU.Build.0 = Debug|Any CPU
		{49FE6727-46D6-43A3-8C04-F41416805654}.Release|Any CPU.ActiveCfg = Release|Any CPU
		{49FE6727-46D6-43A3-8C04-F41416805654}.Release|Any CPU.Build.0 = Release|Any CPU
		{9445950F-588D-4673-A8E5-CBD490D8F928}.Debug|Any CPU.ActiveCfg = Debug|Any CPU
		{9445950F-588D-4673-A8E5-CBD490D8F928}.Debug|Any CPU.Build.0 = Debug|Any CPU
		{9445950F-588D-4673-A8E5-CBD490D8F928}.Release|Any CPU.ActiveCfg = Release|Any CPU
		{9445950F-588D-4673-A8E5-CBD490D8F928}.Release|Any CPU.Build.0 = Release|Any CPU
		{21E2D4FE-A0EA-4725-BF65-197509FCE43B}.Debug|Any CPU.ActiveCfg = Debug|Any CPU
		{21E2D4FE-A0EA-4725-BF65-197509FCE43B}.Debug|Any CPU.Build.0 = Debug|Any CPU
		{21E2D4FE-A0EA-4725-BF65-197509FCE43B}.Release|Any CPU.ActiveCfg = Release|Any CPU
		{21E2D4FE-A0EA-4725-BF65-197509FCE43B}.Release|Any CPU.Build.0 = Release|Any CPU
		{C3EB1897-D04A-47A6-83E6-49EF69EB539E}.Debug|Any CPU.ActiveCfg = Debug|Any CPU
		{C3EB1897-D04A-47A6-83E6-49EF69EB539E}.Debug|Any CPU.Build.0 = Debug|Any CPU
		{C3EB1897-D04A-47A6-83E6-49EF69EB539E}.Release|Any CPU.ActiveCfg = Release|Any CPU
		{C3EB1897-D04A-47A6-83E6-49EF69EB539E}.Release|Any CPU.Build.0 = Release|Any CPU
		{D38D63DA-EB57-479B-91A8-FCE94CBC33AD}.Debug|Any CPU.ActiveCfg = Debug|Any CPU
		{D38D63DA-EB57-479B-91A8-FCE94CBC33AD}.Debug|Any CPU.Build.0 = Debug|Any CPU
		{D38D63DA-EB57-479B-91A8-FCE94CBC33AD}.Release|Any CPU.ActiveCfg = Release|Any CPU
		{D38D63DA-EB57-479B-91A8-FCE94CBC33AD}.Release|Any CPU.Build.0 = Release|Any CPU
	EndGlobalSection
	GlobalSection(SolutionProperties) = preSolution
		HideSolutionNode = FALSE
	EndGlobalSection
	GlobalSection(ExtensibilityGlobals) = postSolution
		SolutionGuid = {C59970A0-A8D3-417B-90F4-D1D3DF206A37}
	EndGlobalSection
EndGlobal
